// !$*UTF8*$!
{
	archiveVersion = 1;
	classes = {
	};
	objectVersion = 55;
	objects = {

/* Begin PBXBuildFile section */
		480EA41C28CCD1AD0015E6A9 /* UserFormViewController.swift in Sources */ = {isa = PBXBuildFile; fileRef = 480EA41B28CCD1AD0015E6A9 /* UserFormViewController.swift */; };
		487FDFFA28CB9F320021F70C /* AppDelegate.swift in Sources */ = {isa = PBXBuildFile; fileRef = 487FDFF928CB9F320021F70C /* AppDelegate.swift */; };
		487FDFFC28CB9F320021F70C /* SceneDelegate.swift in Sources */ = {isa = PBXBuildFile; fileRef = 487FDFFB28CB9F320021F70C /* SceneDelegate.swift */; };
		487FDFFE28CB9F320021F70C /* ViewController.swift in Sources */ = {isa = PBXBuildFile; fileRef = 487FDFFD28CB9F320021F70C /* ViewController.swift */; };
		487FE00128CB9F320021F70C /* Main.storyboard in Resources */ = {isa = PBXBuildFile; fileRef = 487FDFFF28CB9F320021F70C /* Main.storyboard */; };
		487FE00328CB9F370021F70C /* Assets.xcassets in Resources */ = {isa = PBXBuildFile; fileRef = 487FE00228CB9F370021F70C /* Assets.xcassets */; };
		487FE00628CB9F370021F70C /* LaunchScreen.storyboard in Resources */ = {isa = PBXBuildFile; fileRef = 487FE00428CB9F370021F70C /* LaunchScreen.storyboard */; };
		487FE00E28CBB3940021F70C /* UserModel.swift in Sources */ = {isa = PBXBuildFile; fileRef = 487FE00D28CBB3940021F70C /* UserModel.swift */; };
/* End PBXBuildFile section */

/* Begin PBXFileReference section */
		480EA41B28CCD1AD0015E6A9 /* UserFormViewController.swift */ = {isa = PBXFileReference; lastKnownFileType = sourcecode.swift; path = UserFormViewController.swift; sourceTree = "<group>"; };
		487FDFF628CB9F320021F70C /* FMSS-week3-homework.app */ = {isa = PBXFileReference; explicitFileType = wrapper.application; includeInIndex = 0; path = "FMSS-week3-homework.app"; sourceTree = BUILT_PRODUCTS_DIR; };
		487FDFF928CB9F320021F70C /* AppDelegate.swift */ = {isa = PBXFileReference; lastKnownFileType = sourcecode.swift; path = AppDelegate.swift; sourceTree = "<group>"; };
		487FDFFB28CB9F320021F70C /* SceneDelegate.swift */ = {isa = PBXFileReference; lastKnownFileType = sourcecode.swift; path = SceneDelegate.swift; sourceTree = "<group>"; };
		487FDFFD28CB9F320021F70C /* ViewController.swift */ = {isa = PBXFileReference; lastKnownFileType = sourcecode.swift; path = ViewController.swift; sourceTree = "<group>"; };
		487FE00028CB9F320021F70C /* Base */ = {isa = PBXFileReference; lastKnownFileType = file.storyboard; name = Base; path = Base.lproj/Main.storyboard; sourceTree = "<group>"; };
		487FE00228CB9F370021F70C /* Assets.xcassets */ = {isa = PBXFileReference; lastKnownFileType = folder.assetcatalog; path = Assets.xcassets; sourceTree = "<group>"; };
		487FE00528CB9F370021F70C /* Base */ = {isa = PBXFileReference; lastKnownFileType = file.storyboard; name = Base; path = Base.lproj/LaunchScreen.storyboard; sourceTree = "<group>"; };
		487FE00728CB9F370021F70C /* Info.plist */ = {isa = PBXFileReference; lastKnownFileType = text.plist.xml; path = Info.plist; sourceTree = "<group>"; };
		487FE00D28CBB3940021F70C /* UserModel.swift */ = {isa = PBXFileReference; lastKnownFileType = sourcecode.swift; path = UserModel.swift; sourceTree = "<group>"; };
/* End PBXFileReference section */

/* Begin PBXFrameworksBuildPhase section */
		487FDFF328CB9F310021F70C /* Frameworks */ = {
			isa = PBXFrameworksBuildPhase;
			buildActionMask = 2147483647;
			files = (
			);
			runOnlyForDeploymentPostprocessing = 0;
		};
/* End PBXFrameworksBuildPhase section */

/* Begin PBXGroup section */
		487FDFED28CB9F310021F70C = {
			isa = PBXGroup;
			children = (
				487FDFF828CB9F320021F70C /* FMSS-week3-homework */,
				487FDFF728CB9F320021F70C /* Products */,
			);
			sourceTree = "<group>";
		};
		487FDFF728CB9F320021F70C /* Products */ = {
			isa = PBXGroup;
			children = (
				487FDFF628CB9F320021F70C /* FMSS-week3-homework.app */,
			);
			name = Products;
			sourceTree = "<group>";
		};
		487FDFF828CB9F320021F70C /* FMSS-week3-homework */ = {
			isa = PBXGroup;
			children = (
				487FDFF928CB9F320021F70C /* AppDelegate.swift */,
				487FDFFB28CB9F320021F70C /* SceneDelegate.swift */,
				487FDFFD28CB9F320021F70C /* ViewController.swift */,
				487FE00D28CBB3940021F70C /* UserModel.swift */,
				480EA41B28CCD1AD0015E6A9 /* UserFormViewController.swift */,
				487FDFFF28CB9F320021F70C /* Main.storyboard */,
				487FE00228CB9F370021F70C /* Assets.xcassets */,
				487FE00428CB9F370021F70C /* LaunchScreen.storyboard */,
				487FE00728CB9F370021F70C /* Info.plist */,
			);
			path = "FMSS-week3-homework";
			sourceTree = "<group>";
		};
/* End PBXGroup section */

/* Begin PBXNativeTarget section */
		487FDFF528CB9F310021F70C /* FMSS-week3-homework */ = {
			isa = PBXNativeTarget;
			buildConfigurationList = 487FE00A28CB9F370021F70C /* Build configuration list for PBXNativeTarget "FMSS-week3-homework" */;
			buildPhases = (
				487FDFF228CB9F310021F70C /* Sources */,
				487FDFF328CB9F310021F70C /* Frameworks */,
				487FDFF428CB9F310021F70C /* Resources */,
			);
			buildRules = (
			);
			dependencies = (
			);
			name = "FMSS-week3-homework";
			productName = "FMSS-week3-homework";
			productReference = 487FDFF628CB9F320021F70C /* FMSS-week3-homework.app */;
			productType = "com.apple.product-type.application";
		};
/* End PBXNativeTarget section */

/* Begin PBXProject section */
		487FDFEE28CB9F310021F70C /* Project object */ = {
			isa = PBXProject;
			attributes = {
				BuildIndependentTargetsInParallel = 1;
				LastSwiftUpdateCheck = 1320;
				LastUpgradeCheck = 1320;
				TargetAttributes = {
					487FDFF528CB9F310021F70C = {
						CreatedOnToolsVersion = 13.2.1;
					};
				};
			};
			buildConfigurationList = 487FDFF128CB9F310021F70C /* Build configuration list for PBXProject "FMSS-week3-homework" */;
			compatibilityVersion = "Xcode 13.0";
			developmentRegion = en;
			hasScannedForEncodings = 0;
			knownRegions = (
				en,
				Base,
			);
			mainGroup = 487FDFED28CB9F310021F70C;
			productRefGroup = 487FDFF728CB9F320021F70C /* Products */;
			projectDirPath = "";
			projectRoot = "";
			targets = (
				487FDFF528CB9F310021F70C /* FMSS-week3-homework */,
			);
		};
/* End PBXProject section */

/* Begin PBXResourcesBuildPhase section */
		487FDFF428CB9F310021F70C /* Resources */ = {
			isa = PBXResourcesBuildPhase;
			buildActionMask = 2147483647;
			files = (
				487FE00628CB9F370021F70C /* LaunchScreen.storyboard in Resources */,
				487FE00328CB9F370021F70C /* Assets.xcassets in Resources */,
				487FE00128CB9F320021F70C /* Main.storyboard in Resources */,
			);
			runOnlyForDeploymentPostprocessing = 0;
		};
/* End PBXResourcesBuildPhase section */

/* Begin PBXSourcesBuildPhase section */
		487FDFF228CB9F310021F70C /* Sources */ = {
			isa = PBXSourcesBuildPhase;
			buildActionMask = 2147483647;
			files = (
				487FDFFE28CB9F320021F70C /* ViewController.swift in Sources */,
				487FDFFA28CB9F320021F70C /* AppDelegate.swift in Sources */,
				487FE00E28CBB3940021F70C /* UserModel.swift in Sources */,
				487FDFFC28CB9F320021F70C /* SceneDelegate.swift in Sources */,
				480EA41C28CCD1AD0015E6A9 /* UserFormViewController.swift in Sources */,
			);
			runOnlyForDeploymentPostprocessing = 0;
		};
/* End PBXSourcesBuildPhase section */

/* Begin PBXVariantGroup section */
		487FDFFF28CB9F320021F70C /* Main.storyboard */ = {
			isa = PBXVariantGroup;
			children = (
				487FE00028CB9F320021F70C /* Base */,
			);
			name = Main.storyboard;
			sourceTree = "<group>";
		};
		487FE00428CB9F370021F70C /* LaunchScreen.storyboard */ = {
			isa = PBXVariantGroup;
			children = (
				487FE00528CB9F370021F70C /* Base */,
			);
			name = LaunchScreen.storyboard;
			sourceTree = "<group>";
		};
/* End PBXVariantGroup section */

/* Begin XCBuildConfiguration section */
		487FE00828CB9F370021F70C /* Debug */ = {
			isa = XCBuildConfiguration;
			buildSettings = {
				ALWAYS_SEARCH_USER_PATHS = NO;
				CLANG_ANALYZER_NONNULL = YES;
				CLANG_ANALYZER_NUMBER_OBJECT_CONVERSION = YES_AGGRESSIVE;
				CLANG_CXX_LANGUAGE_STANDARD = "gnu++17";
				CLANG_CXX_LIBRARY = "libc++";
				CLANG_ENABLE_MODULES = YES;
				CLANG_ENABLE_OBJC_ARC = YES;
				CLANG_ENABLE_OBJC_WEAK = YES;
				CLANG_WARN_BLOCK_CAPTURE_AUTORELEASING = YES;
				CLANG_WARN_BOOL_CONVERSION = YES;
				CLANG_WARN_COMMA = YES;
				CLANG_WARN_CONSTANT_CONVERSION = YES;
				CLANG_WARN_DEPRECATED_OBJC_IMPLEMENTATIONS = YES;
				CLANG_WARN_DIRECT_OBJC_ISA_USAGE = YES_ERROR;
				CLANG_WARN_DOCUMENTATION_COMMENTS = YES;
				CLANG_WARN_EMPTY_BODY = YES;
				CLANG_WARN_ENUM_CONVERSION = YES;
				CLANG_WARN_INFINITE_RECURSION = YES;
				CLANG_WARN_INT_CONVERSION = YES;
				CLANG_WARN_NON_LITERAL_NULL_CONVERSION = YES;
				CLANG_WARN_OBJC_IMPLICIT_RETAIN_SELF = YES;
				CLANG_WARN_OBJC_LITERAL_CONVERSION = YES;
				CLANG_WARN_OBJC_ROOT_CLASS = YES_ERROR;
				CLANG_WARN_QUOTED_INCLUDE_IN_FRAMEWORK_HEADER = YES;
				CLANG_WARN_RANGE_LOOP_ANALYSIS = YES;
				CLANG_WARN_STRICT_PROTOTYPES = YES;
				CLANG_WARN_SUSPICIOUS_MOVE = YES;
				CLANG_WARN_UNGUARDED_AVAILABILITY = YES_AGGRESSIVE;
				CLANG_WARN_UNREACHABLE_CODE = YES;
				CLANG_WARN__DUPLICATE_METHOD_MATCH = YES;
				COPY_PHASE_STRIP = NO;
				DEBUG_INFORMATION_FORMAT = dwarf;
				ENABLE_STRICT_OBJC_MSGSEND = YES;
				ENABLE_TESTABILITY = YES;
				GCC_C_LANGUAGE_STANDARD = gnu11;
				GCC_DYNAMIC_NO_PIC = NO;
				GCC_NO_COMMON_BLOCKS = YES;
				GCC_OPTIMIZATION_LEVEL = 0;
				GCC_PREPROCESSOR_DEFINITIONS = (
					"DEBUG=1",
					"$(inherited)",
				);
				GCC_WARN_64_TO_32_BIT_CONVERSION = YES;
				GCC_WARN_ABOUT_RETURN_TYPE = YES_ERROR;
				GCC_WARN_UNDECLARED_SELECTOR = YES;
				GCC_WARN_UNINITIALIZED_AUTOS = YES_AGGRESSIVE;
				GCC_WARN_UNUSED_FUNCTION = YES;
				GCC_WARN_UNUSED_VARIABLE = YES;
				IPHONEOS_DEPLOYMENT_TARGET = 15.2;
				MTL_ENABLE_DEBUG_INFO = INCLUDE_SOURCE;
				MTL_FAST_MATH = YES;
				ONLY_ACTIVE_ARCH = YES;
				SDKROOT = iphoneos;
				SWIFT_ACTIVE_COMPILATION_CONDITIONS = DEBUG;
				SWIFT_OPTIMIZATION_LEVEL = "-Onone";
			};
			name = Debug;
		};
		487FE00928CB9F370021F70C /* Release */ = {
			isa = XCBuildConfiguration;
			buildSettings = {
				ALWAYS_SEARCH_USER_PATHS = NO;
				CLANG_ANALYZER_NONNULL = YES;
				CLANG_ANALYZER_NUMBER_OBJECT_CONVERSION = YES_AGGRESSIVE;
				CLANG_CXX_LANGUAGE_STANDARD = "gnu++17";
				CLANG_CXX_LIBRARY = "libc++";
				CLANG_ENABLE_MODULES = YES;
				CLANG_ENABLE_OBJC_ARC = YES;
				CLANG_ENABLE_OBJC_WEAK = YES;
				CLANG_WARN_BLOCK_CAPTURE_AUTORELEASING = YES;
				CLANG_WARN_BOOL_CONVERSION = YES;
				CLANG_WARN_COMMA = YES;
				CLANG_WARN_CONSTANT_CONVERSION = YES;
				CLANG_WARN_DEPRECATED_OBJC_IMPLEMENTATIONS = YES;
				CLANG_WARN_DIRECT_OBJC_ISA_USAGE = YES_ERROR;
				CLANG_WARN_DOCUMENTATION_COMMENTS = YES;
				CLANG_WARN_EMPTY_BODY = YES;
				CLANG_WARN_ENUM_CONVERSION = YES;
				CLANG_WARN_INFINITE_RECURSION = YES;
				CLANG_WARN_INT_CONVERSION = YES;
				CLANG_WARN_NON_LITERAL_NULL_CONVERSION = YES;
				CLANG_WARN_OBJC_IMPLICIT_RETAIN_SELF = YES;
				CLANG_WARN_OBJC_LITERAL_CONVERSION = YES;
				CLANG_WARN_OBJC_ROOT_CLASS = YES_ERROR;
				CLANG_WARN_QUOTED_INCLUDE_IN_FRAMEWORK_HEADER = YES;
				CLANG_WARN_RANGE_LOOP_ANALYSIS = YES;
				CLANG_WARN_STRICT_PROTOTYPES = YES;
				CLANG_WARN_SUSPICIOUS_MOVE = YES;
				CLANG_WARN_UNGUARDED_AVAILABILITY = YES_AGGRESSIVE;
				CLANG_WARN_UNREACHABLE_CODE = YES;
				CLANG_WARN__DUPLICATE_METHOD_MATCH = YES;
				COPY_PHASE_STRIP = NO;
				DEBUG_INFORMATION_FORMAT = "dwarf-with-dsym";
				ENABLE_NS_ASSERTIONS = NO;
				ENABLE_STRICT_OBJC_MSGSEND = YES;
				GCC_C_LANGUAGE_STANDARD = gnu11;
				GCC_NO_COMMON_BLOCKS = YES;
				GCC_WARN_64_TO_32_BIT_CONVERSION = YES;
				GCC_WARN_ABOUT_RETURN_TYPE = YES_ERROR;
				GCC_WARN_UNDECLARED_SELECTOR = YES;
				GCC_WARN_UNINITIALIZED_AUTOS = YES_AGGRESSIVE;
				GCC_WARN_UNUSED_FUNCTION = YES;
				GCC_WARN_UNUSED_VARIABLE = YES;
				IPHONEOS_DEPLOYMENT_TARGET = 15.2;
				MTL_ENABLE_DEBUG_INFO = NO;
				MTL_FAST_MATH = YES;
				SDKROOT = iphoneos;
				SWIFT_COMPILATION_MODE = wholemodule;
				SWIFT_OPTIMIZATION_LEVEL = "-O";
				VALIDATE_PRODUCT = YES;
			};
			name = Release;
		};
		487FE00B28CB9F370021F70C /* Debug */ = {
			isa = XCBuildConfiguration;
			buildSettings = {
				ASSETCATALOG_COMPILER_APPICON_NAME = AppIcon;
				ASSETCATALOG_COMPILER_GLOBAL_ACCENT_COLOR_NAME = AccentColor;
				CODE_SIGN_STYLE = Automatic;
				CURRENT_PROJECT_VERSION = 1;
				DEVELOPMENT_TEAM = FPYTGW2S6P;
				GENERATE_INFOPLIST_FILE = YES;
				INFOPLIST_FILE = "FMSS-week3-homework/Info.plist";
				INFOPLIST_KEY_UIApplicationSupportsIndirectInputEvents = YES;
				INFOPLIST_KEY_UILaunchStoryboardName = LaunchScreen;
				INFOPLIST_KEY_UIMainStoryboardFile = Main;
				INFOPLIST_KEY_UISupportedInterfaceOrientations_iPad = "UIInterfaceOrientationPortrait UIInterfaceOrientationPortraitUpsideDown UIInterfaceOrientationLandscapeLeft UIInterfaceOrientationLandscapeRight";
				INFOPLIST_KEY_UISupportedInterfaceOrientations_iPhone = "UIInterfaceOrientationPortrait UIInterfaceOrientationLandscapeLeft UIInterfaceOrientationLandscapeRight";
				LD_RUNPATH_SEARCH_PATHS = (
					"$(inherited)",
					"@executable_path/Frameworks",
				);
				MARKETING_VERSION = 1.0;
				PRODUCT_BUNDLE_IDENTIFIER = "ahmetozkanio.FMSS-week3-homework";
				PRODUCT_NAME = "$(TARGET_NAME)";
				SWIFT_EMIT_LOC_STRINGS = YES;
				SWIFT_VERSION = 5.0;
				TARGETED_DEVICE_FAMILY = "1,2";
			};
			name = Debug;
		};
		487FE00C28CB9F370021F70C /* Release */ = {
			isa = XCBuildConfiguration;
			buildSettings = {
				ASSETCATALOG_COMPILER_APPICON_NAME = AppIcon;
				ASSETCATALOG_COMPILER_GLOBAL_ACCENT_COLOR_NAME = AccentColor;
				CODE_SIGN_STYLE = Automatic;
				CURRENT_PROJECT_VERSION = 1;
				DEVELOPMENT_TEAM = FPYTGW2S6P;
				GENERATE_INFOPLIST_FILE = YES;
				INFOPLIST_FILE = "FMSS-week3-homework/Info.plist";
				INFOPLIST_KEY_UIApplicationSupportsIndirectInputEvents = YES;
				INFOPLIST_KEY_UILaunchStoryboardName = LaunchScreen;
				INFOPLIST_KEY_UIMainStoryboardFile = Main;
				INFOPLIST_KEY_UISupportedInterfaceOrientations_iPad = "UIInterfaceOrientationPortrait UIInterfaceOrientationPortraitUpsideDown UIInterfaceOrientationLandscapeLeft UIInterfaceOrientationLandscapeRight";
				INFOPLIST_KEY_UISupportedInterfaceOrientations_iPhone = "UIInterfaceOrientationPortrait UIInterfaceOrientationLandscapeLeft UIInterfaceOrientationLandscapeRight";
				LD_RUNPATH_SEARCH_PATHS = (
					"$(inherited)",
					"@executable_path/Frameworks",
				);
				MARKETING_VERSION = 1.0;
				PRODUCT_BUNDLE_IDENTIFIER = "ahmetozkanio.FMSS-week3-homework";
				PRODUCT_NAME = "$(TARGET_NAME)";
				SWIFT_EMIT_LOC_STRINGS = YES;
				SWIFT_VERSION = 5.0;
				TARGETED_DEVICE_FAMILY = "1,2";
			};
			name = Release;
		};
/* End XCBuildConfiguration section */

/* Begin XCConfigurationList section */
		487FDFF128CB9F310021F70C /* Build configuration list for PBXProject "FMSS-week3-homework" */ = {
			isa = XCConfigurationList;
			buildConfigurations = (
				487FE00828CB9F370021F70C /* Debug */,
				487FE00928CB9F370021F70C /* Release */,
			);
			defaultConfigurationIsVisible = 0;
			defaultConfigurationName = Release;
		};
		487FE00A28CB9F370021F70C /* Build configuration list for PBXNativeTarget "FMSS-week3-homework" */ = {
			isa = XCConfigurationList;
			buildConfigurations = (
				487FE00B28CB9F370021F70C /* Debug */,
				487FE00C28CB9F370021F70C /* Release */,
			);
			defaultConfigurationIsVisible = 0;
			defaultConfigurationName = Release;
		};
/* End XCConfigurationList section */
	};
	rootObject = 487FDFEE28CB9F310021F70C /* Project object */;
}
